Microsoft Visual Studio Solution File, Format Version 12.00
# Visual Studio 2012
Project("{FAE04EC0-301F-11D3-BF4B-00C04F79EFBC}") = "GamesDevelopmentProject", "GamesDevelopmentProject.csproj", "{F8D3C15D-2C0C-4611-963D-88FBF443C202}"
EndProject
Global
	GlobalSection(SolutionConfigurationPlatforms) = preSolution
	Debug|Any CPU = Debug|Any CPU
	ExportDebug|Any CPU = ExportDebug|Any CPU
	ExportRelease|Any CPU = ExportRelease|Any CPU
	EndGlobalSection
	GlobalSection(ProjectConfigurationPlatforms) = postSolution
		{F8D3C15D-2C0C-4611-963D-88FBF443C202}.Debug|Any CPU.ActiveCfg = Debug|Any CPU
		{F8D3C15D-2C0C-4611-963D-88FBF443C202}.Debug|Any CPU.Build.0 = Debug|Any CPU
		{F8D3C15D-2C0C-4611-963D-88FBF443C202}.ExportDebug|Any CPU.ActiveCfg = ExportDebug|Any CPU
		{F8D3C15D-2C0C-4611-963D-88FBF443C202}.ExportDebug|Any CPU.Build.0 = ExportDebug|Any CPU
		{F8D3C15D-2C0C-4611-963D-88FBF443C202}.ExportRelease|Any CPU.ActiveCfg = ExportRelease|Any CPU
		{F8D3C15D-2C0C-4611-963D-88FBF443C202}.ExportRelease|Any CPU.Build.0 = ExportRelease|Any CPU
	EndGlobalSection
EndGlobal
